
Microsoft Visual Studio Solution File, Format Version 12.00
Project("{FAE04EC0-301F-11D3-BF4B-00C04F79EFBC}") = "HangFireCronJob", "HangFireCronJob\HangFireCronJob.csproj", "{51743026-CA9C-4EDF-B44E-72FC8C3F0AAD}"
EndProject
Global
	GlobalSection(SolutionConfigurationPlatforms) = preSolution
		Debug|Any CPU = Debug|Any CPU
		Release|Any CPU = Release|Any CPU
	EndGlobalSection
	GlobalSection(ProjectConfigurationPlatforms) = postSolution
		{51743026-CA9C-4EDF-B44E-72FC8C3F0AAD}.Debug|Any CPU.ActiveCfg = Debug|Any CPU
		{51743026-CA9C-4EDF-B44E-72FC8C3F0AAD}.Debug|Any CPU.Build.0 = Debug|Any CPU
		{51743026-CA9C-4EDF-B44E-72FC8C3F0AAD}.Release|Any CPU.ActiveCfg = Release|Any CPU
		{51743026-CA9C-4EDF-B44E-72FC8C3F0AAD}.Release|Any CPU.Build.0 = Release|Any CPU
	EndGlobalSection
EndGlobal
